{
  "originHash" : "fe0e4f745e80a39791f1b8ef36548292381488f2cde2c7d12cd93483d64241da",
  "pins" : [
    {
      "identity" : "screchkit",
      "kind" : "remoteSourceControl",
      "location" : "https://github.com/TopScrech/ScrechKit",
      "state" : {
        "branch" : "main",
        "revision" : "aa7564dc1b64f5601c7cc69f3e2f3b69de490bd7"
      }
    }
  ],
  "version" : 3
}
